{
  "name": "serverless-node-rest-api",
  "version": "1.0.0",
  "lockfileVersion": 1,
  "requires": true,
  "dependencies": {
    "lodash": {
      "version": "4.17.21",
      "resolved": "https://registry.npmjs.org/lodash/-/lodash-4.17.21.tgz",
      "integrity": "sha512-v2kDEe57lecTulaDIuNTPy3Ry4gLGJ6Z1O3vE1krgXZNrsQ+LFTGHVxVjcXPs17LhbZVGedAJv8XZ1tvj5FvSg==",
      "dev": true
    },
    "serverless-iam-roles-per-function": {
      "version": "2.0.1",
      "resolved": "https://registry.npmjs.org/serverless-iam-roles-per-function/-/serverless-iam-roles-per-function-2.0.1.tgz",
      "integrity": "sha512-3t8BsC4CxsXfBtL80xaz5vcRiAe6x4tKfDByGtmMj8fr5q3AvH4PHlhnPPtSYVYgleY02K9Bfh8kf4UrkgshFQ==",
      "dev": true,
      "requires": {
        "lodash": "^4.17.10"
      }
    },
    "uuid": {
      "version": "2.0.3",
      "resolved": "https://registry.npmjs.org/uuid/-/uuid-2.0.3.tgz",
      "integrity": "sha1-Z+LoY3lyFVMN/zGOW/nc6/1Hsho="
    }
  }
}
